
Microsoft Visual Studio Solution File, Format Version 12.00
# Visual Studio 15
VisualStudioVersion = 15.0.28307.572
MinimumVisualStudioVersion = 10.0.40219.1
Project("{FAE04EC0-301F-11D3-BF4B-00C04F79EFBC}") = "SMTP.Core", "SMTP.Core\SMTP.Core.csproj", "{901FF037-DB8C-4D93-95D9-CDFE002F4AE8}"
EndProject
Project("{FAE04EC0-301F-11D3-BF4B-00C04F79EFBC}") = "SMTP.UI", "SMTP.UI\SMTP.UI.csproj", "{AF28A2BA-CF95-4E1B-8B9E-845276C9DFBB}"
EndProject
Project("{FAE04EC0-301F-11D3-BF4B-00C04F79EFBC}") = "SMTP.Utility", "SMTP.Utility\SMTP.Utility.csproj", "{0A151884-9009-4734-B418-49ADB6A980B3}"
EndProject
Global
	GlobalSection(SolutionConfigurationPlatforms) = preSolution
		Debug|x64 = Debug|x64
		Debug|x86 = Debug|x86
		Release|x64 = Release|x64
		Release|x86 = Release|x86
	EndGlobalSection
	GlobalSection(ProjectConfigurationPlatforms) = postSolution
		{901FF037-DB8C-4D93-95D9-CDFE002F4AE8}.Debug|x64.ActiveCfg = Debug|x64
		{901FF037-DB8C-4D93-95D9-CDFE002F4AE8}.Debug|x64.Build.0 = Debug|x64
		{901FF037-DB8C-4D93-95D9-CDFE002F4AE8}.Debug|x86.ActiveCfg = Debug|x86
		{901FF037-DB8C-4D93-95D9-CDFE002F4AE8}.Debug|x86.Build.0 = Debug|x86
		{901FF037-DB8C-4D93-95D9-CDFE002F4AE8}.Release|x64.ActiveCfg = Release|x64
		{901FF037-DB8C-4D93-95D9-CDFE002F4AE8}.Release|x64.Build.0 = Release|x64
		{901FF037-DB8C-4D93-95D9-CDFE002F4AE8}.Release|x86.ActiveCfg = Release|x86
		{901FF037-DB8C-4D93-95D9-CDFE002F4AE8}.Release|x86.Build.0 = Release|x86
		{AF28A2BA-CF95-4E1B-8B9E-845276C9DFBB}.Debug|x64.ActiveCfg = Debug|x64
		{AF28A2BA-CF95-4E1B-8B9E-845276C9DFBB}.Debug|x64.Build.0 = Debug|x64
		{AF28A2BA-CF95-4E1B-8B9E-845276C9DFBB}.Debug|x86.ActiveCfg = Debug|x86
		{AF28A2BA-CF95-4E1B-8B9E-845276C9DFBB}.Debug|x86.Build.0 = Debug|x86
		{AF28A2BA-CF95-4E1B-8B9E-845276C9DFBB}.Release|x64.ActiveCfg = Release|x64
		{AF28A2BA-CF95-4E1B-8B9E-845276C9DFBB}.Release|x64.Build.0 = Release|x64
		{AF28A2BA-CF95-4E1B-8B9E-845276C9DFBB}.Release|x86.ActiveCfg = Release|x86
		{AF28A2BA-CF95-4E1B-8B9E-845276C9DFBB}.Release|x86.Build.0 = Release|x86
		{0A151884-9009-4734-B418-49ADB6A980B3}.Debug|x64.ActiveCfg = Debug|x64
		{0A151884-9009-4734-B418-49ADB6A980B3}.Debug|x64.Build.0 = Debug|x64
		{0A151884-9009-4734-B418-49ADB6A980B3}.Debug|x86.ActiveCfg = Debug|x86
		{0A151884-9009-4734-B418-49ADB6A980B3}.Debug|x86.Build.0 = Debug|x86
		{0A151884-9009-4734-B418-49ADB6A980B3}.Release|x64.ActiveCfg = Release|x64
		{0A151884-9009-4734-B418-49ADB6A980B3}.Release|x64.Build.0 = Release|x64
		{0A151884-9009-4734-B418-49ADB6A980B3}.Release|x86.ActiveCfg = Release|x86
		{0A151884-9009-4734-B418-49ADB6A980B3}.Release|x86.Build.0 = Release|x86
	EndGlobalSection
	GlobalSection(SolutionProperties) = preSolution
		HideSolutionNode = FALSE
	EndGlobalSection
	GlobalSection(ExtensibilityGlobals) = postSolution
		SolutionGuid = {39002FD2-F84F-4D58-9CEE-C51ECB01A782}
	EndGlobalSection
EndGlobal
